
Microsoft Visual Studio Solution File, Format Version 12.00
# Visual Studio Version 17
VisualStudioVersion = 17.3.32901.215
MinimumVisualStudioVersion = 10.0.40219.1
Project("{FAE04EC0-301F-11D3-BF4B-00C04F79EFBC}") = "GruempeliTournier", "GruempeliTournier\GruempeliTournier.csproj", "{6077C0FA-6757-4C68-BDC9-2F4F194FDB4C}"
EndProject
Global
	GlobalSection(SolutionConfigurationPlatforms) = preSolution
		Debug|Any CPU = Debug|Any CPU
		Release|Any CPU = Release|Any CPU
	EndGlobalSection
	GlobalSection(ProjectConfigurationPlatforms) = postSolution
		{6077C0FA-6757-4C68-BDC9-2F4F194FDB4C}.Debug|Any CPU.ActiveCfg = Debug|Any CPU
		{6077C0FA-6757-4C68-BDC9-2F4F194FDB4C}.Debug|Any CPU.Build.0 = Debug|Any CPU
		{6077C0FA-6757-4C68-BDC9-2F4F194FDB4C}.Release|Any CPU.ActiveCfg = Release|Any CPU
		{6077C0FA-6757-4C68-BDC9-2F4F194FDB4C}.Release|Any CPU.Build.0 = Release|Any CPU
	EndGlobalSection
	GlobalSection(SolutionProperties) = preSolution
		HideSolutionNode = FALSE
	EndGlobalSection
	GlobalSection(ExtensibilityGlobals) = postSolution
		SolutionGuid = {ED62AA69-E502-4C47-9A99-AA6FBD22A73E}
	EndGlobalSection
EndGlobal
